
Microsoft Visual Studio Solution File, Format Version 12.00
# Visual Studio 15
VisualStudioVersion = 15.0.27130.2010
MinimumVisualStudioVersion = 10.0.40219.1
Project("{FAE04EC0-301F-11D3-BF4B-00C04F79EFBC}") = "Adventure", "Adventure\Adventure.csproj", "{44A82936-42F9-4DF6-AD7B-EDB3722EAB47}"
EndProject
Project("{FAE04EC0-301F-11D3-BF4B-00C04F79EFBC}") = "Adventure.UnitTests", "Adventure.UnitTests\Adventure.UnitTests.csproj", "{F55A1EC9-C29C-4D5B-8B66-86A670A5243E}"
EndProject
Global
	GlobalSection(SolutionConfigurationPlatforms) = preSolution
		Debug|Any CPU = Debug|Any CPU
		Release|Any CPU = Release|Any CPU
	EndGlobalSection
	GlobalSection(ProjectConfigurationPlatforms) = postSolution
		{44A82936-42F9-4DF6-AD7B-EDB3722EAB47}.Debug|Any CPU.ActiveCfg = Debug|Any CPU
		{44A82936-42F9-4DF6-AD7B-EDB3722EAB47}.Debug|Any CPU.Build.0 = Debug|Any CPU
		{44A82936-42F9-4DF6-AD7B-EDB3722EAB47}.Release|Any CPU.ActiveCfg = Release|Any CPU
		{44A82936-42F9-4DF6-AD7B-EDB3722EAB47}.Release|Any CPU.Build.0 = Release|Any CPU
		{F55A1EC9-C29C-4D5B-8B66-86A670A5243E}.Debug|Any CPU.ActiveCfg = Debug|Any CPU
		{F55A1EC9-C29C-4D5B-8B66-86A670A5243E}.Debug|Any CPU.Build.0 = Debug|Any CPU
		{F55A1EC9-C29C-4D5B-8B66-86A670A5243E}.Release|Any CPU.ActiveCfg = Release|Any CPU
		{F55A1EC9-C29C-4D5B-8B66-86A670A5243E}.Release|Any CPU.Build.0 = Release|Any CPU
	EndGlobalSection
	GlobalSection(SolutionProperties) = preSolution
		HideSolutionNode = FALSE
	EndGlobalSection
	GlobalSection(ExtensibilityGlobals) = postSolution
		SolutionGuid = {A32ADB85-6528-4BD2-A229-E4A89FD8EBFB}
	EndGlobalSection
EndGlobal
