
Microsoft Visual Studio Solution File, Format Version 12.00
# Visual Studio 15
VisualStudioVersion = 15.0.28010.2036
MinimumVisualStudioVersion = 10.0.40219.1
Project("{FAE04EC0-301F-11D3-BF4B-00C04F79EFBC}") = "ConcealedSquare", "ConcealedSquare\ConcealedSquare.csproj", "{BEA8D9EA-35C3-43B5-8EED-609A5A135262}"
EndProject
Global
	GlobalSection(SolutionConfigurationPlatforms) = preSolution
		Debug|Any CPU = Debug|Any CPU
		Release|Any CPU = Release|Any CPU
	EndGlobalSection
	GlobalSection(ProjectConfigurationPlatforms) = postSolution
		{BEA8D9EA-35C3-43B5-8EED-609A5A135262}.Debug|Any CPU.ActiveCfg = Debug|Any CPU
		{BEA8D9EA-35C3-43B5-8EED-609A5A135262}.Debug|Any CPU.Build.0 = Debug|Any CPU
		{BEA8D9EA-35C3-43B5-8EED-609A5A135262}.Release|Any CPU.ActiveCfg = Release|Any CPU
		{BEA8D9EA-35C3-43B5-8EED-609A5A135262}.Release|Any CPU.Build.0 = Release|Any CPU
	EndGlobalSection
	GlobalSection(SolutionProperties) = preSolution
		HideSolutionNode = FALSE
	EndGlobalSection
	GlobalSection(ExtensibilityGlobals) = postSolution
		SolutionGuid = {5976E2D1-8682-4AD0-BBF7-07DCFC42CA0D}
	EndGlobalSection
EndGlobal
